
Microsoft Visual Studio Solution File, Format Version 12.00
# Visual Studio Version 17
VisualStudioVersion = 17.2.32526.322
MinimumVisualStudioVersion = 10.0.40219.1
Project("{FAE04EC0-301F-11D3-BF4B-00C04F79EFBC}") = "RecordingOfViolations", "RecordingOfViolations.csproj", "{80567574-FD58-459A-8C15-D5109D11992D}"
EndProject
Global
	GlobalSection(SolutionConfigurationPlatforms) = preSolution
		Debug|Any CPU = Debug|Any CPU
		Release|Any CPU = Release|Any CPU
	EndGlobalSection
	GlobalSection(ProjectConfigurationPlatforms) = postSolution
		{80567574-FD58-459A-8C15-D5109D11992D}.Debug|Any CPU.ActiveCfg = Debug|Any CPU
		{80567574-FD58-459A-8C15-D5109D11992D}.Debug|Any CPU.Build.0 = Debug|Any CPU
		{80567574-FD58-459A-8C15-D5109D11992D}.Release|Any CPU.ActiveCfg = Release|Any CPU
		{80567574-FD58-459A-8C15-D5109D11992D}.Release|Any CPU.Build.0 = Release|Any CPU
	EndGlobalSection
	GlobalSection(SolutionProperties) = preSolution
		HideSolutionNode = FALSE
	EndGlobalSection
	GlobalSection(ExtensibilityGlobals) = postSolution
		SolutionGuid = {23F8CDA4-4764-40D5-B48D-712139AE08C8}
	EndGlobalSection
EndGlobal
